
Microsoft Visual Studio Solution File, Format Version 12.00
# Visual Studio Version 17
VisualStudioVersion = 17.0.32014.148
MinimumVisualStudioVersion = 10.0.40219.1
Project("{8BC9CEB8-8B4A-11D0-8D11-00A0C91BC942}") = "Numbers1to100", "Numbers1to100\Numbers1to100.vcxproj", "{203A3F6B-882B-43B5-A0AB-9B26A463FCEE}"
EndProject
Project("{8BC9CEB8-8B4A-11D0-8D11-00A0C91BC942}") = "NumbersNto1", "NumbersNto1\NumbersNto1.vcxproj", "{FB70A3CE-ACA5-4D38-A5C2-8D59D4457E1C}"
EndProject
Project("{8BC9CEB8-8B4A-11D0-8D11-00A0C91BC942}") = "Numbers1toNStep3", "Numbers1toNStep3\Numbers1toNStep3.vcxproj", "{2F3E07CB-0448-41EC-A595-C43DC311B6DE}"
EndProject
Project("{8BC9CEB8-8B4A-11D0-8D11-00A0C91BC942}") = "EvenPowersOf2", "EvenPowersOf2\EvenPowersOf2.vcxproj", "{9EBC1CC2-B90F-43D2-AF15-15C297F06BC2}"
EndProject
Project("{8BC9CEB8-8B4A-11D0-8D11-00A0C91BC942}") = "CharacterSequence", "CharacterSequence\CharacterSequence.vcxproj", "{96376867-D123-4C57-83E0-1D6A6E0BB118}"
EndProject
Project("{8BC9CEB8-8B4A-11D0-8D11-00A0C91BC942}") = "VowelsSum", "VowelsSum\VowelsSum.vcxproj", "{F5CD7C5B-3981-41DB-8877-0F4C8FF716F4}"
EndProject
Project("{8BC9CEB8-8B4A-11D0-8D11-00A0C91BC942}") = "SumNumbers", "SumNumbers\SumNumbers.vcxproj", "{242C6E60-5D14-412B-9ED7-1E4F86BB6F53}"
EndProject
Project("{8BC9CEB8-8B4A-11D0-8D11-00A0C91BC942}") = "NumberSequence", "NumberSequence\NumberSequence.vcxproj", "{4E4043CC-5432-4EA1-A650-08A6DB902C80}"
EndProject
Project("{8BC9CEB8-8B4A-11D0-8D11-00A0C91BC942}") = "LeftAndRightSum", "LeftAndRightSum\LeftAndRightSum.vcxproj", "{D4AC2272-BF0F-4CDC-A97B-DEA5843B4E2A}"
EndProject
Project("{8BC9CEB8-8B4A-11D0-8D11-00A0C91BC942}") = "OddEvenSum", "OddEvenSum\OddEvenSum.vcxproj", "{4FD7687B-610F-43E0-B494-FEF9AFB77883}"
EndProject
Project("{8BC9CEB8-8B4A-11D0-8D11-00A0C91BC942}") = "NumbersEndingIn7", "NumbersEndingIn7\NumbersEndingIn7.vcxproj", "{F0D603FA-750B-4D09-B5E8-561C8C696090}"
EndProject
Project("{8BC9CEB8-8B4A-11D0-8D11-00A0C91BC942}") = "HalfSumElement", "HalfSumElement\HalfSumElement.vcxproj", "{A6231E85-5E56-4557-A2E3-12039D397D8C}"
EndProject
Project("{8BC9CEB8-8B4A-11D0-8D11-00A0C91BC942}") = "Histogram", "Histogram\Histogram.vcxproj", "{804F0880-EF89-457A-972C-3914446B0841}"
EndProject
Project("{8BC9CEB8-8B4A-11D0-8D11-00A0C91BC942}") = "CleverLily", "CleverLily\CleverLily.vcxproj", "{D2677EB7-579A-4A70-AEE0-EF5680CE4F5F}"
EndProject
Project("{8BC9CEB8-8B4A-11D0-8D11-00A0C91BC942}") = "Salary", "Salary\Salary.vcxproj", "{5E91ED3F-958F-4872-99F3-51D0C6CD27EC}"
EndProject
Project("{8BC9CEB8-8B4A-11D0-8D11-00A0C91BC942}") = "Oscars", "Oscars\Oscars.vcxproj", "{1139778B-2181-408E-B02E-1400A60EBFDA}"
EndProject
Project("{8BC9CEB8-8B4A-11D0-8D11-00A0C91BC942}") = "TrekkingMania", "TrekkingMania\TrekkingMania.vcxproj", "{74A072C1-A742-42A2-8E9F-3BCBB9D6AE0F}"
EndProject
Project("{8BC9CEB8-8B4A-11D0-8D11-00A0C91BC942}") = "TennisRanklist", "TennisRanklist\TennisRanklist.vcxproj", "{B857A721-A532-4BF0-BB60-375BAE2562D8}"
EndProject
Global
	GlobalSection(SolutionConfigurationPlatforms) = preSolution
		Debug|x64 = Debug|x64
		Debug|x86 = Debug|x86
		Release|x64 = Release|x64
		Release|x86 = Release|x86
	EndGlobalSection
	GlobalSection(ProjectConfigurationPlatforms) = postSolution
		{203A3F6B-882B-43B5-A0AB-9B26A463FCEE}.Debug|x64.ActiveCfg = Debug|x64
		{203A3F6B-882B-43B5-A0AB-9B26A463FCEE}.Debug|x64.Build.0 = Debug|x64
		{203A3F6B-882B-43B5-A0AB-9B26A463FCEE}.Debug|x86.ActiveCfg = Debug|Win32
		{203A3F6B-882B-43B5-A0AB-9B26A463FCEE}.Debug|x86.Build.0 = Debug|Win32
		{203A3F6B-882B-43B5-A0AB-9B26A463FCEE}.Release|x64.ActiveCfg = Release|x64
		{203A3F6B-882B-43B5-A0AB-9B26A463FCEE}.Release|x64.Build.0 = Release|x64
		{203A3F6B-882B-43B5-A0AB-9B26A463FCEE}.Release|x86.ActiveCfg = Release|Win32
		{203A3F6B-882B-43B5-A0AB-9B26A463FCEE}.Release|x86.Build.0 = Release|Win32
		{FB70A3CE-ACA5-4D38-A5C2-8D59D4457E1C}.Debug|x64.ActiveCfg = Debug|x64
		{FB70A3CE-ACA5-4D38-A5C2-8D59D4457E1C}.Debug|x64.Build.0 = Debug|x64
		{FB70A3CE-ACA5-4D38-A5C2-8D59D4457E1C}.Debug|x86.ActiveCfg = Debug|Win32
		{FB70A3CE-ACA5-4D38-A5C2-8D59D4457E1C}.Debug|x86.Build.0 = Debug|Win32
		{FB70A3CE-ACA5-4D38-A5C2-8D59D4457E1C}.Release|x64.ActiveCfg = Release|x64
		{FB70A3CE-ACA5-4D38-A5C2-8D59D4457E1C}.Release|x64.Build.0 = Release|x64
		{FB70A3CE-ACA5-4D38-A5C2-8D59D4457E1C}.Release|x86.ActiveCfg = Release|Win32
		{FB70A3CE-ACA5-4D38-A5C2-8D59D4457E1C}.Release|x86.Build.0 = Release|Win32
		{2F3E07CB-0448-41EC-A595-C43DC311B6DE}.Debug|x64.ActiveCfg = Debug|x64
		{2F3E07CB-0448-41EC-A595-C43DC311B6DE}.Debug|x64.Build.0 = Debug|x64
		{2F3E07CB-0448-41EC-A595-C43DC311B6DE}.Debug|x86.ActiveCfg = Debug|Win32
		{2F3E07CB-0448-41EC-A595-C43DC311B6DE}.Debug|x86.Build.0 = Debug|Win32
		{2F3E07CB-0448-41EC-A595-C43DC311B6DE}.Release|x64.ActiveCfg = Release|x64
		{2F3E07CB-0448-41EC-A595-C43DC311B6DE}.Release|x64.Build.0 = Release|x64
		{2F3E07CB-0448-41EC-A595-C43DC311B6DE}.Release|x86.ActiveCfg = Release|Win32
		{2F3E07CB-0448-41EC-A595-C43DC311B6DE}.Release|x86.Build.0 = Release|Win32
		{9EBC1CC2-B90F-43D2-AF15-15C297F06BC2}.Debug|x64.ActiveCfg = Debug|x64
		{9EBC1CC2-B90F-43D2-AF15-15C297F06BC2}.Debug|x64.Build.0 = Debug|x64
		{9EBC1CC2-B90F-43D2-AF15-15C297F06BC2}.Debug|x86.ActiveCfg = Debug|Win32
		{9EBC1CC2-B90F-43D2-AF15-15C297F06BC2}.Debug|x86.Build.0 = Debug|Win32
		{9EBC1CC2-B90F-43D2-AF15-15C297F06BC2}.Release|x64.ActiveCfg = Release|x64
		{9EBC1CC2-B90F-43D2-AF15-15C297F06BC2}.Release|x64.Build.0 = Release|x64
		{9EBC1CC2-B90F-43D2-AF15-15C297F06BC2}.Release|x86.ActiveCfg = Release|Win32
		{9EBC1CC2-B90F-43D2-AF15-15C297F06BC2}.Release|x86.Build.0 = Release|Win32
		{96376867-D123-4C57-83E0-1D6A6E0BB118}.Debug|x64.ActiveCfg = Debug|x64
		{96376867-D123-4C57-83E0-1D6A6E0BB118}.Debug|x64.Build.0 = Debug|x64
		{96376867-D123-4C57-83E0-1D6A6E0BB118}.Debug|x86.ActiveCfg = Debug|Win32
		{96376867-D123-4C57-83E0-1D6A6E0BB118}.Debug|x86.Build.0 = Debug|Win32
		{96376867-D123-4C57-83E0-1D6A6E0BB118}.Release|x64.ActiveCfg = Release|x64
		{96376867-D123-4C57-83E0-1D6A6E0BB118}.Release|x64.Build.0 = Release|x64
		{96376867-D123-4C57-83E0-1D6A6E0BB118}.Release|x86.ActiveCfg = Release|Win32
		{96376867-D123-4C57-83E0-1D6A6E0BB118}.Release|x86.Build.0 = Release|Win32
		{F5CD7C5B-3981-41DB-8877-0F4C8FF716F4}.Debug|x64.ActiveCfg = Debug|x64
		{F5CD7C5B-3981-41DB-8877-0F4C8FF716F4}.Debug|x64.Build.0 = Debug|x64
		{F5CD7C5B-3981-41DB-8877-0F4C8FF716F4}.Debug|x86.ActiveCfg = Debug|Win32
		{F5CD7C5B-3981-41DB-8877-0F4C8FF716F4}.Debug|x86.Build.0 = Debug|Win32
		{F5CD7C5B-3981-41DB-8877-0F4C8FF716F4}.Release|x64.ActiveCfg = Release|x64
		{F5CD7C5B-3981-41DB-8877-0F4C8FF716F4}.Release|x64.Build.0 = Release|x64
		{F5CD7C5B-3981-41DB-8877-0F4C8FF716F4}.Release|x86.ActiveCfg = Release|Win32
		{F5CD7C5B-3981-41DB-8877-0F4C8FF716F4}.Release|x86.Build.0 = Release|Win32
		{242C6E60-5D14-412B-9ED7-1E4F86BB6F53}.Debug|x64.ActiveCfg = Debug|x64
		{242C6E60-5D14-412B-9ED7-1E4F86BB6F53}.Debug|x64.Build.0 = Debug|x64
		{242C6E60-5D14-412B-9ED7-1E4F86BB6F53}.Debug|x86.ActiveCfg = Debug|Win32
		{242C6E60-5D14-412B-9ED7-1E4F86BB6F53}.Debug|x86.Build.0 = Debug|Win32
		{242C6E60-5D14-412B-9ED7-1E4F86BB6F53}.Release|x64.ActiveCfg = Release|x64
		{242C6E60-5D14-412B-9ED7-1E4F86BB6F53}.Release|x64.Build.0 = Release|x64
		{242C6E60-5D14-412B-9ED7-1E4F86BB6F53}.Release|x86.ActiveCfg = Release|Win32
		{242C6E60-5D14-412B-9ED7-1E4F86BB6F53}.Release|x86.Build.0 = Release|Win32
		{4E4043CC-5432-4EA1-A650-08A6DB902C80}.Debug|x64.ActiveCfg = Debug|x64
		{4E4043CC-5432-4EA1-A650-08A6DB902C80}.Debug|x64.Build.0 = Debug|x64
		{4E4043CC-5432-4EA1-A650-08A6DB902C80}.Debug|x86.ActiveCfg = Debug|Win32
		{4E4043CC-5432-4EA1-A650-08A6DB902C80}.Debug|x86.Build.0 = Debug|Win32
		{4E4043CC-5432-4EA1-A650-08A6DB902C80}.Release|x64.ActiveCfg = Release|x64
		{4E4043CC-5432-4EA1-A650-08A6DB902C80}.Release|x64.Build.0 = Release|x64
		{4E4043CC-5432-4EA1-A650-08A6DB902C80}.Release|x86.ActiveCfg = Release|Win32
		{4E4043CC-5432-4EA1-A650-08A6DB902C80}.Release|x86.Build.0 = Release|Win32
		{D4AC2272-BF0F-4CDC-A97B-DEA5843B4E2A}.Debug|x64.ActiveCfg = Debug|x64
		{D4AC2272-BF0F-4CDC-A97B-DEA5843B4E2A}.Debug|x64.Build.0 = Debug|x64
		{D4AC2272-BF0F-4CDC-A97B-DEA5843B4E2A}.Debug|x86.ActiveCfg = Debug|Win32
		{D4AC2272-BF0F-4CDC-A97B-DEA5843B4E2A}.Debug|x86.Build.0 = Debug|Win32
		{D4AC2272-BF0F-4CDC-A97B-DEA5843B4E2A}.Release|x64.ActiveCfg = Release|x64
		{D4AC2272-BF0F-4CDC-A97B-DEA5843B4E2A}.Release|x64.Build.0 = Release|x64
		{D4AC2272-BF0F-4CDC-A97B-DEA5843B4E2A}.Release|x86.ActiveCfg = Release|Win32
		{D4AC2272-BF0F-4CDC-A97B-DEA5843B4E2A}.Release|x86.Build.0 = Release|Win32
		{4FD7687B-610F-43E0-B494-FEF9AFB77883}.Debug|x64.ActiveCfg = Debug|x64
		{4FD7687B-610F-43E0-B494-FEF9AFB77883}.Debug|x64.Build.0 = Debug|x64
		{4FD7687B-610F-43E0-B494-FEF9AFB77883}.Debug|x86.ActiveCfg = Debug|Win32
		{4FD7687B-610F-43E0-B494-FEF9AFB77883}.Debug|x86.Build.0 = Debug|Win32
		{4FD7687B-610F-43E0-B494-FEF9AFB77883}.Release|x64.ActiveCfg = Release|x64
		{4FD7687B-610F-43E0-B494-FEF9AFB77883}.Release|x64.Build.0 = Release|x64
		{4FD7687B-610F-43E0-B494-FEF9AFB77883}.Release|x86.ActiveCfg = Release|Win32
		{4FD7687B-610F-43E0-B494-FEF9AFB77883}.Release|x86.Build.0 = Release|Win32
		{F0D603FA-750B-4D09-B5E8-561C8C696090}.Debug|x64.ActiveCfg = Debug|x64
		{F0D603FA-750B-4D09-B5E8-561C8C696090}.Debug|x64.Build.0 = Debug|x64
		{F0D603FA-750B-4D09-B5E8-561C8C696090}.Debug|x86.ActiveCfg = Debug|Win32
		{F0D603FA-750B-4D09-B5E8-561C8C696090}.Debug|x86.Build.0 = Debug|Win32
		{F0D603FA-750B-4D09-B5E8-561C8C696090}.Release|x64.ActiveCfg = Release|x64
		{F0D603FA-750B-4D09-B5E8-561C8C696090}.Release|x64.Build.0 = Release|x64
		{F0D603FA-750B-4D09-B5E8-561C8C696090}.Release|x86.ActiveCfg = Release|Win32
		{F0D603FA-750B-4D09-B5E8-561C8C696090}.Release|x86.Build.0 = Release|Win32
		{A6231E85-5E56-4557-A2E3-12039D397D8C}.Debug|x64.ActiveCfg = Debug|x64
		{A6231E85-5E56-4557-A2E3-12039D397D8C}.Debug|x64.Build.0 = Debug|x64
		{A6231E85-5E56-4557-A2E3-12039D397D8C}.Debug|x86.ActiveCfg = Debug|Win32
		{A6231E85-5E56-4557-A2E3-12039D397D8C}.Debug|x86.Build.0 = Debug|Win32
		{A6231E85-5E56-4557-A2E3-12039D397D8C}.Release|x64.ActiveCfg = Release|x64
		{A6231E85-5E56-4557-A2E3-12039D397D8C}.Release|x64.Build.0 = Release|x64
		{A6231E85-5E56-4557-A2E3-12039D397D8C}.Release|x86.ActiveCfg = Release|Win32
		{A6231E85-5E56-4557-A2E3-12039D397D8C}.Release|x86.Build.0 = Release|Win32
		{804F0880-EF89-457A-972C-3914446B0841}.Debug|x64.ActiveCfg = Debug|x64
		{804F0880-EF89-457A-972C-3914446B0841}.Debug|x64.Build.0 = Debug|x64
		{804F0880-EF89-457A-972C-3914446B0841}.Debug|x86.ActiveCfg = Debug|Win32
		{804F0880-EF89-457A-972C-3914446B0841}.Debug|x86.Build.0 = Debug|Win32
		{804F0880-EF89-457A-972C-3914446B0841}.Release|x64.ActiveCfg = Release|x64
		{804F0880-EF89-457A-972C-3914446B0841}.Release|x64.Build.0 = Release|x64
		{804F0880-EF89-457A-972C-3914446B0841}.Release|x86.ActiveCfg = Release|Win32
		{804F0880-EF89-457A-972C-3914446B0841}.Release|x86.Build.0 = Release|Win32
		{D2677EB7-579A-4A70-AEE0-EF5680CE4F5F}.Debug|x64.ActiveCfg = Debug|x64
		{D2677EB7-579A-4A70-AEE0-EF5680CE4F5F}.Debug|x64.Build.0 = Debug|x64
		{D2677EB7-579A-4A70-AEE0-EF5680CE4F5F}.Debug|x86.ActiveCfg = Debug|Win32
		{D2677EB7-579A-4A70-AEE0-EF5680CE4F5F}.Debug|x86.Build.0 = Debug|Win32
		{D2677EB7-579A-4A70-AEE0-EF5680CE4F5F}.Release|x64.ActiveCfg = Release|x64
		{D2677EB7-579A-4A70-AEE0-EF5680CE4F5F}.Release|x64.Build.0 = Release|x64
		{D2677EB7-579A-4A70-AEE0-EF5680CE4F5F}.Release|x86.ActiveCfg = Release|Win32
		{D2677EB7-579A-4A70-AEE0-EF5680CE4F5F}.Release|x86.Build.0 = Release|Win32
		{5E91ED3F-958F-4872-99F3-51D0C6CD27EC}.Debug|x64.ActiveCfg = Debug|x64
		{5E91ED3F-958F-4872-99F3-51D0C6CD27EC}.Debug|x64.Build.0 = Debug|x64
		{5E91ED3F-958F-4872-99F3-51D0C6CD27EC}.Debug|x86.ActiveCfg = Debug|Win32
		{5E91ED3F-958F-4872-99F3-51D0C6CD27EC}.Debug|x86.Build.0 = Debug|Win32
		{5E91ED3F-958F-4872-99F3-51D0C6CD27EC}.Release|x64.ActiveCfg = Release|x64
		{5E91ED3F-958F-4872-99F3-51D0C6CD27EC}.Release|x64.Build.0 = Release|x64
		{5E91ED3F-958F-4872-99F3-51D0C6CD27EC}.Release|x86.ActiveCfg = Release|Win32
		{5E91ED3F-958F-4872-99F3-51D0C6CD27EC}.Release|x86.Build.0 = Release|Win32
		{1139778B-2181-408E-B02E-1400A60EBFDA}.Debug|x64.ActiveCfg = Debug|x64
		{1139778B-2181-408E-B02E-1400A60EBFDA}.Debug|x64.Build.0 = Debug|x64
		{1139778B-2181-408E-B02E-1400A60EBFDA}.Debug|x86.ActiveCfg = Debug|Win32
		{1139778B-2181-408E-B02E-1400A60EBFDA}.Debug|x86.Build.0 = Debug|Win32
		{1139778B-2181-408E-B02E-1400A60EBFDA}.Release|x64.ActiveCfg = Release|x64
		{1139778B-2181-408E-B02E-1400A60EBFDA}.Release|x64.Build.0 = Release|x64
		{1139778B-2181-408E-B02E-1400A60EBFDA}.Release|x86.ActiveCfg = Release|Win32
		{1139778B-2181-408E-B02E-1400A60EBFDA}.Release|x86.Build.0 = Release|Win32
		{74A072C1-A742-42A2-8E9F-3BCBB9D6AE0F}.Debug|x64.ActiveCfg = Debug|x64
		{74A072C1-A742-42A2-8E9F-3BCBB9D6AE0F}.Debug|x64.Build.0 = Debug|x64
		{74A072C1-A742-42A2-8E9F-3BCBB9D6AE0F}.Debug|x86.ActiveCfg = Debug|Win32
		{74A072C1-A742-42A2-8E9F-3BCBB9D6AE0F}.Debug|x86.Build.0 = Debug|Win32
		{74A072C1-A742-42A2-8E9F-3BCBB9D6AE0F}.Release|x64.ActiveCfg = Release|x64
		{74A072C1-A742-42A2-8E9F-3BCBB9D6AE0F}.Release|x64.Build.0 = Release|x64
		{74A072C1-A742-42A2-8E9F-3BCBB9D6AE0F}.Release|x86.ActiveCfg = Release|Win32
		{74A072C1-A742-42A2-8E9F-3BCBB9D6AE0F}.Release|x86.Build.0 = Release|Win32
		{B857A721-A532-4BF0-BB60-375BAE2562D8}.Debug|x64.ActiveCfg = Debug|x64
		{B857A721-A532-4BF0-BB60-375BAE2562D8}.Debug|x64.Build.0 = Debug|x64
		{B857A721-A532-4BF0-BB60-375BAE2562D8}.Debug|x86.ActiveCfg = Debug|Win32
		{B857A721-A532-4BF0-BB60-375BAE2562D8}.Debug|x86.Build.0 = Debug|Win32
		{B857A721-A532-4BF0-BB60-375BAE2562D8}.Release|x64.ActiveCfg = Release|x64
		{B857A721-A532-4BF0-BB60-375BAE2562D8}.Release|x64.Build.0 = Release|x64
		{B857A721-A532-4BF0-BB60-375BAE2562D8}.Release|x86.ActiveCfg = Release|Win32
		{B857A721-A532-4BF0-BB60-375BAE2562D8}.Release|x86.Build.0 = Release|Win32
	EndGlobalSection
	GlobalSection(SolutionProperties) = preSolution
		HideSolutionNode = FALSE
	EndGlobalSection
	GlobalSection(ExtensibilityGlobals) = postSolution
		SolutionGuid = {5714BB6B-14CF-42FD-98A3-466AC432FB1B}
	EndGlobalSection
EndGlobal
