
Microsoft Visual Studio Solution File, Format Version 12.00
# Visual Studio Version 17
VisualStudioVersion = 17.0.32014.148
MinimumVisualStudioVersion = 10.0.40219.1
Project("{8BC9CEB8-8B4A-11D0-8D11-00A0C91BC942}") = "ReadText", "ReadText\ReadText.vcxproj", "{80F33101-3A15-46BF-AA5A-BFF01F2EA2C9}"
EndProject
Project("{8BC9CEB8-8B4A-11D0-8D11-00A0C91BC942}") = "Password", "Password\Password.vcxproj", "{9972CE27-FF32-460A-95A2-D3DB6A278DAB}"
EndProject
Project("{8BC9CEB8-8B4A-11D0-8D11-00A0C91BC942}") = "SumNumbers", "SumNumbers\SumNumbers.vcxproj", "{F70573ED-F855-4FE4-83EB-DDCF7EF3A840}"
EndProject
Project("{8BC9CEB8-8B4A-11D0-8D11-00A0C91BC942}") = "Sequence2kplus1", "Sequence2kplus1\Sequence2kplus1.vcxproj", "{1EB3B363-DBE1-4A2E-B643-3DB1B6BC6A6C}"
EndProject
Project("{8BC9CEB8-8B4A-11D0-8D11-00A0C91BC942}") = "AccountBalance", "AccountBalance\AccountBalance.vcxproj", "{0556C68D-753A-490A-A040-9123BF74C273}"
EndProject
Project("{8BC9CEB8-8B4A-11D0-8D11-00A0C91BC942}") = "MaxNumber", "MaxNumber\MaxNumber.vcxproj", "{4601D3AD-8EA6-4651-BD62-78EA045EE21F}"
EndProject
Project("{8BC9CEB8-8B4A-11D0-8D11-00A0C91BC942}") = "MinNumber", "MinNumber\MinNumber.vcxproj", "{E2EB13B5-82F2-4D8E-BAB3-1B3D2878D87C}"
EndProject
Project("{8BC9CEB8-8B4A-11D0-8D11-00A0C91BC942}") = "Graduation", "Graduation\Graduation.vcxproj", "{025D9E15-7CB9-4739-BD53-B4699D59427D}"
EndProject
Project("{8BC9CEB8-8B4A-11D0-8D11-00A0C91BC942}") = "OldBooks", "OldBooks\OldBooks.vcxproj", "{E8B1FEFC-B852-428A-B187-2DBB5EE23263}"
EndProject
Project("{8BC9CEB8-8B4A-11D0-8D11-00A0C91BC942}") = "ExamPreparation", "ExamPreparation\ExamPreparation.vcxproj", "{7E37194A-4356-4A1C-AD27-D2C6238D5607}"
EndProject
Project("{8BC9CEB8-8B4A-11D0-8D11-00A0C91BC942}") = "Vacation", "Vacation\Vacation.vcxproj", "{CE661935-F80C-4DD6-8520-A842BB42BF4D}"
EndProject
Project("{8BC9CEB8-8B4A-11D0-8D11-00A0C91BC942}") = "Walking", "Walking\Walking.vcxproj", "{DCF57E17-9CA3-49C2-9001-167EFFD79565}"
EndProject
Project("{8BC9CEB8-8B4A-11D0-8D11-00A0C91BC942}") = "Coins", "Coins\Coins.vcxproj", "{8A759DFB-1376-4AB4-B4CE-DEA52B536FF4}"
EndProject
Project("{8BC9CEB8-8B4A-11D0-8D11-00A0C91BC942}") = "Cake", "Cake\Cake.vcxproj", "{F7F3F0BB-9849-42E8-BAF1-62BBD48C719A}"
EndProject
Project("{8BC9CEB8-8B4A-11D0-8D11-00A0C91BC942}") = "Moving", "Moving\Moving.vcxproj", "{B5B8F992-889C-4422-A427-68B71645B71D}"
EndProject
Global
	GlobalSection(SolutionConfigurationPlatforms) = preSolution
		Debug|x64 = Debug|x64
		Debug|x86 = Debug|x86
		Release|x64 = Release|x64
		Release|x86 = Release|x86
	EndGlobalSection
	GlobalSection(ProjectConfigurationPlatforms) = postSolution
		{80F33101-3A15-46BF-AA5A-BFF01F2EA2C9}.Debug|x64.ActiveCfg = Debug|x64
		{80F33101-3A15-46BF-AA5A-BFF01F2EA2C9}.Debug|x64.Build.0 = Debug|x64
		{80F33101-3A15-46BF-AA5A-BFF01F2EA2C9}.Debug|x86.ActiveCfg = Debug|Win32
		{80F33101-3A15-46BF-AA5A-BFF01F2EA2C9}.Debug|x86.Build.0 = Debug|Win32
		{80F33101-3A15-46BF-AA5A-BFF01F2EA2C9}.Release|x64.ActiveCfg = Release|x64
		{80F33101-3A15-46BF-AA5A-BFF01F2EA2C9}.Release|x64.Build.0 = Release|x64
		{80F33101-3A15-46BF-AA5A-BFF01F2EA2C9}.Release|x86.ActiveCfg = Release|Win32
		{80F33101-3A15-46BF-AA5A-BFF01F2EA2C9}.Release|x86.Build.0 = Release|Win32
		{9972CE27-FF32-460A-95A2-D3DB6A278DAB}.Debug|x64.ActiveCfg = Debug|x64
		{9972CE27-FF32-460A-95A2-D3DB6A278DAB}.Debug|x64.Build.0 = Debug|x64
		{9972CE27-FF32-460A-95A2-D3DB6A278DAB}.Debug|x86.ActiveCfg = Debug|Win32
		{9972CE27-FF32-460A-95A2-D3DB6A278DAB}.Debug|x86.Build.0 = Debug|Win32
		{9972CE27-FF32-460A-95A2-D3DB6A278DAB}.Release|x64.ActiveCfg = Release|x64
		{9972CE27-FF32-460A-95A2-D3DB6A278DAB}.Release|x64.Build.0 = Release|x64
		{9972CE27-FF32-460A-95A2-D3DB6A278DAB}.Release|x86.ActiveCfg = Release|Win32
		{9972CE27-FF32-460A-95A2-D3DB6A278DAB}.Release|x86.Build.0 = Release|Win32
		{F70573ED-F855-4FE4-83EB-DDCF7EF3A840}.Debug|x64.ActiveCfg = Debug|x64
		{F70573ED-F855-4FE4-83EB-DDCF7EF3A840}.Debug|x64.Build.0 = Debug|x64
		{F70573ED-F855-4FE4-83EB-DDCF7EF3A840}.Debug|x86.ActiveCfg = Debug|Win32
		{F70573ED-F855-4FE4-83EB-DDCF7EF3A840}.Debug|x86.Build.0 = Debug|Win32
		{F70573ED-F855-4FE4-83EB-DDCF7EF3A840}.Release|x64.ActiveCfg = Release|x64
		{F70573ED-F855-4FE4-83EB-DDCF7EF3A840}.Release|x64.Build.0 = Release|x64
		{F70573ED-F855-4FE4-83EB-DDCF7EF3A840}.Release|x86.ActiveCfg = Release|Win32
		{F70573ED-F855-4FE4-83EB-DDCF7EF3A840}.Release|x86.Build.0 = Release|Win32
		{1EB3B363-DBE1-4A2E-B643-3DB1B6BC6A6C}.Debug|x64.ActiveCfg = Debug|x64
		{1EB3B363-DBE1-4A2E-B643-3DB1B6BC6A6C}.Debug|x64.Build.0 = Debug|x64
		{1EB3B363-DBE1-4A2E-B643-3DB1B6BC6A6C}.Debug|x86.ActiveCfg = Debug|Win32
		{1EB3B363-DBE1-4A2E-B643-3DB1B6BC6A6C}.Debug|x86.Build.0 = Debug|Win32
		{1EB3B363-DBE1-4A2E-B643-3DB1B6BC6A6C}.Release|x64.ActiveCfg = Release|x64
		{1EB3B363-DBE1-4A2E-B643-3DB1B6BC6A6C}.Release|x64.Build.0 = Release|x64
		{1EB3B363-DBE1-4A2E-B643-3DB1B6BC6A6C}.Release|x86.ActiveCfg = Release|Win32
		{1EB3B363-DBE1-4A2E-B643-3DB1B6BC6A6C}.Release|x86.Build.0 = Release|Win32
		{0556C68D-753A-490A-A040-9123BF74C273}.Debug|x64.ActiveCfg = Debug|x64
		{0556C68D-753A-490A-A040-9123BF74C273}.Debug|x64.Build.0 = Debug|x64
		{0556C68D-753A-490A-A040-9123BF74C273}.Debug|x86.ActiveCfg = Debug|Win32
		{0556C68D-753A-490A-A040-9123BF74C273}.Debug|x86.Build.0 = Debug|Win32
		{0556C68D-753A-490A-A040-9123BF74C273}.Release|x64.ActiveCfg = Release|x64
		{0556C68D-753A-490A-A040-9123BF74C273}.Release|x64.Build.0 = Release|x64
		{0556C68D-753A-490A-A040-9123BF74C273}.Release|x86.ActiveCfg = Release|Win32
		{0556C68D-753A-490A-A040-9123BF74C273}.Release|x86.Build.0 = Release|Win32
		{4601D3AD-8EA6-4651-BD62-78EA045EE21F}.Debug|x64.ActiveCfg = Debug|x64
		{4601D3AD-8EA6-4651-BD62-78EA045EE21F}.Debug|x64.Build.0 = Debug|x64
		{4601D3AD-8EA6-4651-BD62-78EA045EE21F}.Debug|x86.ActiveCfg = Debug|Win32
		{4601D3AD-8EA6-4651-BD62-78EA045EE21F}.Debug|x86.Build.0 = Debug|Win32
		{4601D3AD-8EA6-4651-BD62-78EA045EE21F}.Release|x64.ActiveCfg = Release|x64
		{4601D3AD-8EA6-4651-BD62-78EA045EE21F}.Release|x64.Build.0 = Release|x64
		{4601D3AD-8EA6-4651-BD62-78EA045EE21F}.Release|x86.ActiveCfg = Release|Win32
		{4601D3AD-8EA6-4651-BD62-78EA045EE21F}.Release|x86.Build.0 = Release|Win32
		{E2EB13B5-82F2-4D8E-BAB3-1B3D2878D87C}.Debug|x64.ActiveCfg = Debug|x64
		{E2EB13B5-82F2-4D8E-BAB3-1B3D2878D87C}.Debug|x64.Build.0 = Debug|x64
		{E2EB13B5-82F2-4D8E-BAB3-1B3D2878D87C}.Debug|x86.ActiveCfg = Debug|Win32
		{E2EB13B5-82F2-4D8E-BAB3-1B3D2878D87C}.Debug|x86.Build.0 = Debug|Win32
		{E2EB13B5-82F2-4D8E-BAB3-1B3D2878D87C}.Release|x64.ActiveCfg = Release|x64
		{E2EB13B5-82F2-4D8E-BAB3-1B3D2878D87C}.Release|x64.Build.0 = Release|x64
		{E2EB13B5-82F2-4D8E-BAB3-1B3D2878D87C}.Release|x86.ActiveCfg = Release|Win32
		{E2EB13B5-82F2-4D8E-BAB3-1B3D2878D87C}.Release|x86.Build.0 = Release|Win32
		{025D9E15-7CB9-4739-BD53-B4699D59427D}.Debug|x64.ActiveCfg = Debug|x64
		{025D9E15-7CB9-4739-BD53-B4699D59427D}.Debug|x64.Build.0 = Debug|x64
		{025D9E15-7CB9-4739-BD53-B4699D59427D}.Debug|x86.ActiveCfg = Debug|Win32
		{025D9E15-7CB9-4739-BD53-B4699D59427D}.Debug|x86.Build.0 = Debug|Win32
		{025D9E15-7CB9-4739-BD53-B4699D59427D}.Release|x64.ActiveCfg = Release|x64
		{025D9E15-7CB9-4739-BD53-B4699D59427D}.Release|x64.Build.0 = Release|x64
		{025D9E15-7CB9-4739-BD53-B4699D59427D}.Release|x86.ActiveCfg = Release|Win32
		{025D9E15-7CB9-4739-BD53-B4699D59427D}.Release|x86.Build.0 = Release|Win32
		{E8B1FEFC-B852-428A-B187-2DBB5EE23263}.Debug|x64.ActiveCfg = Debug|x64
		{E8B1FEFC-B852-428A-B187-2DBB5EE23263}.Debug|x64.Build.0 = Debug|x64
		{E8B1FEFC-B852-428A-B187-2DBB5EE23263}.Debug|x86.ActiveCfg = Debug|Win32
		{E8B1FEFC-B852-428A-B187-2DBB5EE23263}.Debug|x86.Build.0 = Debug|Win32
		{E8B1FEFC-B852-428A-B187-2DBB5EE23263}.Release|x64.ActiveCfg = Release|x64
		{E8B1FEFC-B852-428A-B187-2DBB5EE23263}.Release|x64.Build.0 = Release|x64
		{E8B1FEFC-B852-428A-B187-2DBB5EE23263}.Release|x86.ActiveCfg = Release|Win32
		{E8B1FEFC-B852-428A-B187-2DBB5EE23263}.Release|x86.Build.0 = Release|Win32
		{7E37194A-4356-4A1C-AD27-D2C6238D5607}.Debug|x64.ActiveCfg = Debug|x64
		{7E37194A-4356-4A1C-AD27-D2C6238D5607}.Debug|x64.Build.0 = Debug|x64
		{7E37194A-4356-4A1C-AD27-D2C6238D5607}.Debug|x86.ActiveCfg = Debug|Win32
		{7E37194A-4356-4A1C-AD27-D2C6238D5607}.Debug|x86.Build.0 = Debug|Win32
		{7E37194A-4356-4A1C-AD27-D2C6238D5607}.Release|x64.ActiveCfg = Release|x64
		{7E37194A-4356-4A1C-AD27-D2C6238D5607}.Release|x64.Build.0 = Release|x64
		{7E37194A-4356-4A1C-AD27-D2C6238D5607}.Release|x86.ActiveCfg = Release|Win32
		{7E37194A-4356-4A1C-AD27-D2C6238D5607}.Release|x86.Build.0 = Release|Win32
		{CE661935-F80C-4DD6-8520-A842BB42BF4D}.Debug|x64.ActiveCfg = Debug|x64
		{CE661935-F80C-4DD6-8520-A842BB42BF4D}.Debug|x64.Build.0 = Debug|x64
		{CE661935-F80C-4DD6-8520-A842BB42BF4D}.Debug|x86.ActiveCfg = Debug|Win32
		{CE661935-F80C-4DD6-8520-A842BB42BF4D}.Debug|x86.Build.0 = Debug|Win32
		{CE661935-F80C-4DD6-8520-A842BB42BF4D}.Release|x64.ActiveCfg = Release|x64
		{CE661935-F80C-4DD6-8520-A842BB42BF4D}.Release|x64.Build.0 = Release|x64
		{CE661935-F80C-4DD6-8520-A842BB42BF4D}.Release|x86.ActiveCfg = Release|Win32
		{CE661935-F80C-4DD6-8520-A842BB42BF4D}.Release|x86.Build.0 = Release|Win32
		{DCF57E17-9CA3-49C2-9001-167EFFD79565}.Debug|x64.ActiveCfg = Debug|x64
		{DCF57E17-9CA3-49C2-9001-167EFFD79565}.Debug|x64.Build.0 = Debug|x64
		{DCF57E17-9CA3-49C2-9001-167EFFD79565}.Debug|x86.ActiveCfg = Debug|Win32
		{DCF57E17-9CA3-49C2-9001-167EFFD79565}.Debug|x86.Build.0 = Debug|Win32
		{DCF57E17-9CA3-49C2-9001-167EFFD79565}.Release|x64.ActiveCfg = Release|x64
		{DCF57E17-9CA3-49C2-9001-167EFFD79565}.Release|x64.Build.0 = Release|x64
		{DCF57E17-9CA3-49C2-9001-167EFFD79565}.Release|x86.ActiveCfg = Release|Win32
		{DCF57E17-9CA3-49C2-9001-167EFFD79565}.Release|x86.Build.0 = Release|Win32
		{8A759DFB-1376-4AB4-B4CE-DEA52B536FF4}.Debug|x64.ActiveCfg = Debug|x64
		{8A759DFB-1376-4AB4-B4CE-DEA52B536FF4}.Debug|x64.Build.0 = Debug|x64
		{8A759DFB-1376-4AB4-B4CE-DEA52B536FF4}.Debug|x86.ActiveCfg = Debug|Win32
		{8A759DFB-1376-4AB4-B4CE-DEA52B536FF4}.Debug|x86.Build.0 = Debug|Win32
		{8A759DFB-1376-4AB4-B4CE-DEA52B536FF4}.Release|x64.ActiveCfg = Release|x64
		{8A759DFB-1376-4AB4-B4CE-DEA52B536FF4}.Release|x64.Build.0 = Release|x64
		{8A759DFB-1376-4AB4-B4CE-DEA52B536FF4}.Release|x86.ActiveCfg = Release|Win32
		{8A759DFB-1376-4AB4-B4CE-DEA52B536FF4}.Release|x86.Build.0 = Release|Win32
		{F7F3F0BB-9849-42E8-BAF1-62BBD48C719A}.Debug|x64.ActiveCfg = Debug|x64
		{F7F3F0BB-9849-42E8-BAF1-62BBD48C719A}.Debug|x64.Build.0 = Debug|x64
		{F7F3F0BB-9849-42E8-BAF1-62BBD48C719A}.Debug|x86.ActiveCfg = Debug|Win32
		{F7F3F0BB-9849-42E8-BAF1-62BBD48C719A}.Debug|x86.Build.0 = Debug|Win32
		{F7F3F0BB-9849-42E8-BAF1-62BBD48C719A}.Release|x64.ActiveCfg = Release|x64
		{F7F3F0BB-9849-42E8-BAF1-62BBD48C719A}.Release|x64.Build.0 = Release|x64
		{F7F3F0BB-9849-42E8-BAF1-62BBD48C719A}.Release|x86.ActiveCfg = Release|Win32
		{F7F3F0BB-9849-42E8-BAF1-62BBD48C719A}.Release|x86.Build.0 = Release|Win32
		{B5B8F992-889C-4422-A427-68B71645B71D}.Debug|x64.ActiveCfg = Debug|x64
		{B5B8F992-889C-4422-A427-68B71645B71D}.Debug|x64.Build.0 = Debug|x64
		{B5B8F992-889C-4422-A427-68B71645B71D}.Debug|x86.ActiveCfg = Debug|Win32
		{B5B8F992-889C-4422-A427-68B71645B71D}.Debug|x86.Build.0 = Debug|Win32
		{B5B8F992-889C-4422-A427-68B71645B71D}.Release|x64.ActiveCfg = Release|x64
		{B5B8F992-889C-4422-A427-68B71645B71D}.Release|x64.Build.0 = Release|x64
		{B5B8F992-889C-4422-A427-68B71645B71D}.Release|x86.ActiveCfg = Release|Win32
		{B5B8F992-889C-4422-A427-68B71645B71D}.Release|x86.Build.0 = Release|Win32
	EndGlobalSection
	GlobalSection(SolutionProperties) = preSolution
		HideSolutionNode = FALSE
	EndGlobalSection
	GlobalSection(ExtensibilityGlobals) = postSolution
		SolutionGuid = {1F304B99-8B78-4ACF-A2D0-3BE1D5E19C85}
	EndGlobalSection
EndGlobal
