
Microsoft Visual Studio Solution File, Format Version 12.00
# Visual Studio Version 17
VisualStudioVersion = 17.0.32014.148
MinimumVisualStudioVersion = 10.0.40219.1
Project("{8BC9CEB8-8B4A-11D0-8D11-00A0C91BC942}") = "Problem1", "Problem1\Problem1.vcxproj", "{2C8B82DF-4D24-4DFC-ACAF-AB40B0B436A6}"
EndProject
Project("{8BC9CEB8-8B4A-11D0-8D11-00A0C91BC942}") = "Problem2", "Problem2\Problem2.vcxproj", "{C130BF3A-5C11-4397-AB84-191946A76357}"
EndProject
Project("{8BC9CEB8-8B4A-11D0-8D11-00A0C91BC942}") = "Problem3", "Problem3\Problem3.vcxproj", "{A4C838AD-D43E-47AB-9672-121A48D2F7C8}"
EndProject
Project("{8BC9CEB8-8B4A-11D0-8D11-00A0C91BC942}") = "Problem4", "Problem4\Problem4.vcxproj", "{5D8BCA8B-026C-4B88-AB0C-3899968AFE23}"
EndProject
Project("{8BC9CEB8-8B4A-11D0-8D11-00A0C91BC942}") = "Problem5", "Problem5\Problem5.vcxproj", "{0B63EFE6-0565-4D3A-A481-7F8FB408B237}"
EndProject
Project("{8BC9CEB8-8B4A-11D0-8D11-00A0C91BC942}") = "Problem6", "Problem6\Problem6.vcxproj", "{4016AF87-96CA-4F8D-A9BE-D8ED3D7F376E}"
EndProject
Project("{8BC9CEB8-8B4A-11D0-8D11-00A0C91BC942}") = "Everest", "Everest\Everest.vcxproj", "{E113D94B-A21F-4A7F-B9E1-31AB5852B5A4}"
EndProject
Global
	GlobalSection(SolutionConfigurationPlatforms) = preSolution
		Debug|x64 = Debug|x64
		Debug|x86 = Debug|x86
		Release|x64 = Release|x64
		Release|x86 = Release|x86
	EndGlobalSection
	GlobalSection(ProjectConfigurationPlatforms) = postSolution
		{2C8B82DF-4D24-4DFC-ACAF-AB40B0B436A6}.Debug|x64.ActiveCfg = Debug|x64
		{2C8B82DF-4D24-4DFC-ACAF-AB40B0B436A6}.Debug|x64.Build.0 = Debug|x64
		{2C8B82DF-4D24-4DFC-ACAF-AB40B0B436A6}.Debug|x86.ActiveCfg = Debug|Win32
		{2C8B82DF-4D24-4DFC-ACAF-AB40B0B436A6}.Debug|x86.Build.0 = Debug|Win32
		{2C8B82DF-4D24-4DFC-ACAF-AB40B0B436A6}.Release|x64.ActiveCfg = Release|x64
		{2C8B82DF-4D24-4DFC-ACAF-AB40B0B436A6}.Release|x64.Build.0 = Release|x64
		{2C8B82DF-4D24-4DFC-ACAF-AB40B0B436A6}.Release|x86.ActiveCfg = Release|Win32
		{2C8B82DF-4D24-4DFC-ACAF-AB40B0B436A6}.Release|x86.Build.0 = Release|Win32
		{C130BF3A-5C11-4397-AB84-191946A76357}.Debug|x64.ActiveCfg = Debug|x64
		{C130BF3A-5C11-4397-AB84-191946A76357}.Debug|x64.Build.0 = Debug|x64
		{C130BF3A-5C11-4397-AB84-191946A76357}.Debug|x86.ActiveCfg = Debug|Win32
		{C130BF3A-5C11-4397-AB84-191946A76357}.Debug|x86.Build.0 = Debug|Win32
		{C130BF3A-5C11-4397-AB84-191946A76357}.Release|x64.ActiveCfg = Release|x64
		{C130BF3A-5C11-4397-AB84-191946A76357}.Release|x64.Build.0 = Release|x64
		{C130BF3A-5C11-4397-AB84-191946A76357}.Release|x86.ActiveCfg = Release|Win32
		{C130BF3A-5C11-4397-AB84-191946A76357}.Release|x86.Build.0 = Release|Win32
		{A4C838AD-D43E-47AB-9672-121A48D2F7C8}.Debug|x64.ActiveCfg = Debug|x64
		{A4C838AD-D43E-47AB-9672-121A48D2F7C8}.Debug|x64.Build.0 = Debug|x64
		{A4C838AD-D43E-47AB-9672-121A48D2F7C8}.Debug|x86.ActiveCfg = Debug|Win32
		{A4C838AD-D43E-47AB-9672-121A48D2F7C8}.Debug|x86.Build.0 = Debug|Win32
		{A4C838AD-D43E-47AB-9672-121A48D2F7C8}.Release|x64.ActiveCfg = Release|x64
		{A4C838AD-D43E-47AB-9672-121A48D2F7C8}.Release|x64.Build.0 = Release|x64
		{A4C838AD-D43E-47AB-9672-121A48D2F7C8}.Release|x86.ActiveCfg = Release|Win32
		{A4C838AD-D43E-47AB-9672-121A48D2F7C8}.Release|x86.Build.0 = Release|Win32
		{5D8BCA8B-026C-4B88-AB0C-3899968AFE23}.Debug|x64.ActiveCfg = Debug|x64
		{5D8BCA8B-026C-4B88-AB0C-3899968AFE23}.Debug|x64.Build.0 = Debug|x64
		{5D8BCA8B-026C-4B88-AB0C-3899968AFE23}.Debug|x86.ActiveCfg = Debug|Win32
		{5D8BCA8B-026C-4B88-AB0C-3899968AFE23}.Debug|x86.Build.0 = Debug|Win32
		{5D8BCA8B-026C-4B88-AB0C-3899968AFE23}.Release|x64.ActiveCfg = Release|x64
		{5D8BCA8B-026C-4B88-AB0C-3899968AFE23}.Release|x64.Build.0 = Release|x64
		{5D8BCA8B-026C-4B88-AB0C-3899968AFE23}.Release|x86.ActiveCfg = Release|Win32
		{5D8BCA8B-026C-4B88-AB0C-3899968AFE23}.Release|x86.Build.0 = Release|Win32
		{0B63EFE6-0565-4D3A-A481-7F8FB408B237}.Debug|x64.ActiveCfg = Debug|x64
		{0B63EFE6-0565-4D3A-A481-7F8FB408B237}.Debug|x64.Build.0 = Debug|x64
		{0B63EFE6-0565-4D3A-A481-7F8FB408B237}.Debug|x86.ActiveCfg = Debug|Win32
		{0B63EFE6-0565-4D3A-A481-7F8FB408B237}.Debug|x86.Build.0 = Debug|Win32
		{0B63EFE6-0565-4D3A-A481-7F8FB408B237}.Release|x64.ActiveCfg = Release|x64
		{0B63EFE6-0565-4D3A-A481-7F8FB408B237}.Release|x64.Build.0 = Release|x64
		{0B63EFE6-0565-4D3A-A481-7F8FB408B237}.Release|x86.ActiveCfg = Release|Win32
		{0B63EFE6-0565-4D3A-A481-7F8FB408B237}.Release|x86.Build.0 = Release|Win32
		{4016AF87-96CA-4F8D-A9BE-D8ED3D7F376E}.Debug|x64.ActiveCfg = Debug|x64
		{4016AF87-96CA-4F8D-A9BE-D8ED3D7F376E}.Debug|x64.Build.0 = Debug|x64
		{4016AF87-96CA-4F8D-A9BE-D8ED3D7F376E}.Debug|x86.ActiveCfg = Debug|Win32
		{4016AF87-96CA-4F8D-A9BE-D8ED3D7F376E}.Debug|x86.Build.0 = Debug|Win32
		{4016AF87-96CA-4F8D-A9BE-D8ED3D7F376E}.Release|x64.ActiveCfg = Release|x64
		{4016AF87-96CA-4F8D-A9BE-D8ED3D7F376E}.Release|x64.Build.0 = Release|x64
		{4016AF87-96CA-4F8D-A9BE-D8ED3D7F376E}.Release|x86.ActiveCfg = Release|Win32
		{4016AF87-96CA-4F8D-A9BE-D8ED3D7F376E}.Release|x86.Build.0 = Release|Win32
		{E113D94B-A21F-4A7F-B9E1-31AB5852B5A4}.Debug|x64.ActiveCfg = Debug|x64
		{E113D94B-A21F-4A7F-B9E1-31AB5852B5A4}.Debug|x64.Build.0 = Debug|x64
		{E113D94B-A21F-4A7F-B9E1-31AB5852B5A4}.Debug|x86.ActiveCfg = Debug|Win32
		{E113D94B-A21F-4A7F-B9E1-31AB5852B5A4}.Debug|x86.Build.0 = Debug|Win32
		{E113D94B-A21F-4A7F-B9E1-31AB5852B5A4}.Release|x64.ActiveCfg = Release|x64
		{E113D94B-A21F-4A7F-B9E1-31AB5852B5A4}.Release|x64.Build.0 = Release|x64
		{E113D94B-A21F-4A7F-B9E1-31AB5852B5A4}.Release|x86.ActiveCfg = Release|Win32
		{E113D94B-A21F-4A7F-B9E1-31AB5852B5A4}.Release|x86.Build.0 = Release|Win32
	EndGlobalSection
	GlobalSection(SolutionProperties) = preSolution
		HideSolutionNode = FALSE
	EndGlobalSection
	GlobalSection(ExtensibilityGlobals) = postSolution
		SolutionGuid = {80B4A7C6-9EEC-4884-ACB9-199291A70DD8}
	EndGlobalSection
EndGlobal
